
Microsoft Visual Studio Solution File, Format Version 12.00
# Visual Studio 2013
VisualStudioVersion = 12.0.21005.1
MinimumVisualStudioVersion = 10.0.40219.1
Project("{FAE04EC0-301F-11D3-BF4B-00C04F79EFBC}") = "DAL", "DAL\DAL.csproj", "{475AD98E-9013-4C81-9F3A-B08BED1840BE}"
EndProject
Project("{FAE04EC0-301F-11D3-BF4B-00C04F79EFBC}") = "Core", "Core\Core.csproj", "{A64EF085-6992-417C-A615-2A23940C8A20}"
EndProject
Project("{FAE04EC0-301F-11D3-BF4B-00C04F79EFBC}") = "ClientApi", "ClientApi\ClientApi.csproj", "{90C4BE4A-5C5D-43C8-8263-C132660BB254}"
EndProject
Project("{FAE04EC0-301F-11D3-BF4B-00C04F79EFBC}") = "BLL", "BLL\BLL.csproj", "{521FBD53-DC67-4DB8-85D5-3F8997204418}"
EndProject
Project("{FAE04EC0-301F-11D3-BF4B-00C04F79EFBC}") = "TestConsole", "TestConsole\TestConsole.csproj", "{6168B1B3-E4CF-4184-8779-5ACCAD32BF8C}"
EndProject
Project("{FAE04EC0-301F-11D3-BF4B-00C04F79EFBC}") = "BankServerApi", "BankServerApi\BankServerApi.csproj", "{43F9FF0D-C5D7-49FF-8950-0290AFD24870}"
EndProject
Project("{FAE04EC0-301F-11D3-BF4B-00C04F79EFBC}") = "DataObjects", "DataObjects\DataObjects.csproj", "{172DA606-827A-46A9-B070-0C0345E9143D}"
EndProject
Global
	GlobalSection(SolutionConfigurationPlatforms) = preSolution
		Debug|Any CPU = Debug|Any CPU
		Release|Any CPU = Release|Any CPU
	EndGlobalSection
	GlobalSection(ProjectConfigurationPlatforms) = postSolution
		{475AD98E-9013-4C81-9F3A-B08BED1840BE}.Debug|Any CPU.ActiveCfg = Debug|Any CPU
		{475AD98E-9013-4C81-9F3A-B08BED1840BE}.Debug|Any CPU.Build.0 = Debug|Any CPU
		{475AD98E-9013-4C81-9F3A-B08BED1840BE}.Release|Any CPU.ActiveCfg = Release|Any CPU
		{475AD98E-9013-4C81-9F3A-B08BED1840BE}.Release|Any CPU.Build.0 = Release|Any CPU
		{A64EF085-6992-417C-A615-2A23940C8A20}.Debug|Any CPU.ActiveCfg = Debug|Any CPU
		{A64EF085-6992-417C-A615-2A23940C8A20}.Debug|Any CPU.Build.0 = Debug|Any CPU
		{A64EF085-6992-417C-A615-2A23940C8A20}.Release|Any CPU.ActiveCfg = Release|Any CPU
		{A64EF085-6992-417C-A615-2A23940C8A20}.Release|Any CPU.Build.0 = Release|Any CPU
		{90C4BE4A-5C5D-43C8-8263-C132660BB254}.Debug|Any CPU.ActiveCfg = Debug|Any CPU
		{90C4BE4A-5C5D-43C8-8263-C132660BB254}.Debug|Any CPU.Build.0 = Debug|Any CPU
		{90C4BE4A-5C5D-43C8-8263-C132660BB254}.Release|Any CPU.ActiveCfg = Release|Any CPU
		{90C4BE4A-5C5D-43C8-8263-C132660BB254}.Release|Any CPU.Build.0 = Release|Any CPU
		{521FBD53-DC67-4DB8-85D5-3F8997204418}.Debug|Any CPU.ActiveCfg = Debug|Any CPU
		{521FBD53-DC67-4DB8-85D5-3F8997204418}.Debug|Any CPU.Build.0 = Debug|Any CPU
		{521FBD53-DC67-4DB8-85D5-3F8997204418}.Release|Any CPU.ActiveCfg = Release|Any CPU
		{521FBD53-DC67-4DB8-85D5-3F8997204418}.Release|Any CPU.Build.0 = Release|Any CPU
		{6168B1B3-E4CF-4184-8779-5ACCAD32BF8C}.Debug|Any CPU.ActiveCfg = Debug|Any CPU
		{6168B1B3-E4CF-4184-8779-5ACCAD32BF8C}.Debug|Any CPU.Build.0 = Debug|Any CPU
		{6168B1B3-E4CF-4184-8779-5ACCAD32BF8C}.Release|Any CPU.ActiveCfg = Release|Any CPU
		{6168B1B3-E4CF-4184-8779-5ACCAD32BF8C}.Release|Any CPU.Build.0 = Release|Any CPU
		{43F9FF0D-C5D7-49FF-8950-0290AFD24870}.Debug|Any CPU.ActiveCfg = Debug|Any CPU
		{43F9FF0D-C5D7-49FF-8950-0290AFD24870}.Debug|Any CPU.Build.0 = Debug|Any CPU
		{43F9FF0D-C5D7-49FF-8950-0290AFD24870}.Release|Any CPU.ActiveCfg = Release|Any CPU
		{43F9FF0D-C5D7-49FF-8950-0290AFD24870}.Release|Any CPU.Build.0 = Release|Any CPU
		{172DA606-827A-46A9-B070-0C0345E9143D}.Debug|Any CPU.ActiveCfg = Debug|Any CPU
		{172DA606-827A-46A9-B070-0C0345E9143D}.Debug|Any CPU.Build.0 = Debug|Any CPU
		{172DA606-827A-46A9-B070-0C0345E9143D}.Release|Any CPU.ActiveCfg = Release|Any CPU
		{172DA606-827A-46A9-B070-0C0345E9143D}.Release|Any CPU.Build.0 = Release|Any CPU
	EndGlobalSection
	GlobalSection(SolutionProperties) = preSolution
		HideSolutionNode = FALSE
	EndGlobalSection
EndGlobal
