
Microsoft Visual Studio Solution File, Format Version 12.00
# Visual Studio 2013
VisualStudioVersion = 12.0.31101.0
MinimumVisualStudioVersion = 10.0.40219.1
Project("{FAE04EC0-301F-11D3-BF4B-00C04F79EFBC}") = "BankClient", "BankClient\BankClient.csproj", "{5871F5C4-53A5-45BF-BAAB-F0B6842787C8}"
EndProject
Project("{FAE04EC0-301F-11D3-BF4B-00C04F79EFBC}") = "DAL", "DAL\DAL.csproj", "{475AD98E-9013-4C81-9F3A-B08BED1840BE}"
EndProject
Project("{FAE04EC0-301F-11D3-BF4B-00C04F79EFBC}") = "Core", "Core\Core.csproj", "{A64EF085-6992-417C-A615-2A23940C8A20}"
EndProject
Global
	GlobalSection(SolutionConfigurationPlatforms) = preSolution
		Debug|Any CPU = Debug|Any CPU
		Release|Any CPU = Release|Any CPU
	EndGlobalSection
	GlobalSection(ProjectConfigurationPlatforms) = postSolution
		{5871F5C4-53A5-45BF-BAAB-F0B6842787C8}.Debug|Any CPU.ActiveCfg = Debug|Any CPU
		{5871F5C4-53A5-45BF-BAAB-F0B6842787C8}.Debug|Any CPU.Build.0 = Debug|Any CPU
		{5871F5C4-53A5-45BF-BAAB-F0B6842787C8}.Release|Any CPU.ActiveCfg = Release|Any CPU
		{5871F5C4-53A5-45BF-BAAB-F0B6842787C8}.Release|Any CPU.Build.0 = Release|Any CPU
		{475AD98E-9013-4C81-9F3A-B08BED1840BE}.Debug|Any CPU.ActiveCfg = Debug|Any CPU
		{475AD98E-9013-4C81-9F3A-B08BED1840BE}.Debug|Any CPU.Build.0 = Debug|Any CPU
		{475AD98E-9013-4C81-9F3A-B08BED1840BE}.Release|Any CPU.ActiveCfg = Release|Any CPU
		{475AD98E-9013-4C81-9F3A-B08BED1840BE}.Release|Any CPU.Build.0 = Release|Any CPU
		{A64EF085-6992-417C-A615-2A23940C8A20}.Debug|Any CPU.ActiveCfg = Debug|Any CPU
		{A64EF085-6992-417C-A615-2A23940C8A20}.Debug|Any CPU.Build.0 = Debug|Any CPU
		{A64EF085-6992-417C-A615-2A23940C8A20}.Release|Any CPU.ActiveCfg = Release|Any CPU
		{A64EF085-6992-417C-A615-2A23940C8A20}.Release|Any CPU.Build.0 = Release|Any CPU
	EndGlobalSection
	GlobalSection(SolutionProperties) = preSolution
		HideSolutionNode = FALSE
	EndGlobalSection
EndGlobal
